
Microsoft Visual Studio Solution File, Format Version 12.00
# Visual Studio Version 16
VisualStudioVersion = 25.0.1703.0
MinimumVisualStudioVersion = 10.0.40219.1
Project("{FAE04EC0-301F-11D3-BF4B-00C04F79EFBC}") = "movingTargetNewTry", "movingTargetNewTry\movingTargetNewTry.csproj", "{5326FA94-FBB9-4947-838A-DED351B6F4FC}"
EndProject
Global
	GlobalSection(SolutionConfigurationPlatforms) = preSolution
		Debug|Any CPU = Debug|Any CPU
		Release|Any CPU = Release|Any CPU
	EndGlobalSection
	GlobalSection(ProjectConfigurationPlatforms) = postSolution
		{5326FA94-FBB9-4947-838A-DED351B6F4FC}.Debug|Any CPU.ActiveCfg = Debug|Any CPU
		{5326FA94-FBB9-4947-838A-DED351B6F4FC}.Debug|Any CPU.Build.0 = Debug|Any CPU
		{5326FA94-FBB9-4947-838A-DED351B6F4FC}.Release|Any CPU.ActiveCfg = Release|Any CPU
		{5326FA94-FBB9-4947-838A-DED351B6F4FC}.Release|Any CPU.Build.0 = Release|Any CPU
	EndGlobalSection
	GlobalSection(SolutionProperties) = preSolution
		HideSolutionNode = FALSE
	EndGlobalSection
	GlobalSection(ExtensibilityGlobals) = postSolution
		SolutionGuid = {88AAB1EB-3EBC-46FE-BD12-DE3259EB33B1}
	EndGlobalSection
EndGlobal
