
Microsoft Visual Studio Solution File, Format Version 12.00
# Visual Studio Version 16
VisualStudioVersion = 25.0.1703.0
MinimumVisualStudioVersion = 10.0.40219.1
Project("{FAE04EC0-301F-11D3-BF4B-00C04F79EFBC}") = "06_Courses", "06_Courses\06_Courses.csproj", "{C8F90376-B2EE-4E9B-B9A3-F1CDE0CD7551}"
EndProject
Global
	GlobalSection(SolutionConfigurationPlatforms) = preSolution
		Debug|Any CPU = Debug|Any CPU
		Release|Any CPU = Release|Any CPU
	EndGlobalSection
	GlobalSection(ProjectConfigurationPlatforms) = postSolution
		{C8F90376-B2EE-4E9B-B9A3-F1CDE0CD7551}.Debug|Any CPU.ActiveCfg = Debug|Any CPU
		{C8F90376-B2EE-4E9B-B9A3-F1CDE0CD7551}.Debug|Any CPU.Build.0 = Debug|Any CPU
		{C8F90376-B2EE-4E9B-B9A3-F1CDE0CD7551}.Release|Any CPU.ActiveCfg = Release|Any CPU
		{C8F90376-B2EE-4E9B-B9A3-F1CDE0CD7551}.Release|Any CPU.Build.0 = Release|Any CPU
	EndGlobalSection
	GlobalSection(SolutionProperties) = preSolution
		HideSolutionNode = FALSE
	EndGlobalSection
	GlobalSection(ExtensibilityGlobals) = postSolution
		SolutionGuid = {423EB245-1A28-4EAD-9EED-215F85745012}
	EndGlobalSection
EndGlobal
