
Microsoft Visual Studio Solution File, Format Version 12.00
# Visual Studio Version 16
VisualStudioVersion = 25.0.1703.0
MinimumVisualStudioVersion = 10.0.40219.1
Project("{FAE04EC0-301F-11D3-BF4B-00C04F79EFBC}") = "01_CountRealNumbers", "01_CountRealNumbers\01_CountRealNumbers.csproj", "{564C8566-B270-4242-AC91-1CEA9BBB6837}"
EndProject
Global
	GlobalSection(SolutionConfigurationPlatforms) = preSolution
		Debug|Any CPU = Debug|Any CPU
		Release|Any CPU = Release|Any CPU
	EndGlobalSection
	GlobalSection(ProjectConfigurationPlatforms) = postSolution
		{564C8566-B270-4242-AC91-1CEA9BBB6837}.Debug|Any CPU.ActiveCfg = Debug|Any CPU
		{564C8566-B270-4242-AC91-1CEA9BBB6837}.Debug|Any CPU.Build.0 = Debug|Any CPU
		{564C8566-B270-4242-AC91-1CEA9BBB6837}.Release|Any CPU.ActiveCfg = Release|Any CPU
		{564C8566-B270-4242-AC91-1CEA9BBB6837}.Release|Any CPU.Build.0 = Release|Any CPU
	EndGlobalSection
	GlobalSection(SolutionProperties) = preSolution
		HideSolutionNode = FALSE
	EndGlobalSection
	GlobalSection(ExtensibilityGlobals) = postSolution
		SolutionGuid = {EFF5597C-A6E7-4B61-800D-254FE5727F56}
	EndGlobalSection
EndGlobal
