
Microsoft Visual Studio Solution File, Format Version 12.00
# Visual Studio Version 16
VisualStudioVersion = 25.0.1703.0
MinimumVisualStudioVersion = 10.0.40219.1
Project("{FAE04EC0-301F-11D3-BF4B-00C04F79EFBC}") = "02_AMinerTask", "02_AMinerTask\02_AMinerTask.csproj", "{2C8EC1BC-E6D0-4767-9D4A-FDEAFC0706E6}"
EndProject
Global
	GlobalSection(SolutionConfigurationPlatforms) = preSolution
		Debug|Any CPU = Debug|Any CPU
		Release|Any CPU = Release|Any CPU
	EndGlobalSection
	GlobalSection(ProjectConfigurationPlatforms) = postSolution
		{2C8EC1BC-E6D0-4767-9D4A-FDEAFC0706E6}.Debug|Any CPU.ActiveCfg = Debug|Any CPU
		{2C8EC1BC-E6D0-4767-9D4A-FDEAFC0706E6}.Debug|Any CPU.Build.0 = Debug|Any CPU
		{2C8EC1BC-E6D0-4767-9D4A-FDEAFC0706E6}.Release|Any CPU.ActiveCfg = Release|Any CPU
		{2C8EC1BC-E6D0-4767-9D4A-FDEAFC0706E6}.Release|Any CPU.Build.0 = Release|Any CPU
	EndGlobalSection
	GlobalSection(SolutionProperties) = preSolution
		HideSolutionNode = FALSE
	EndGlobalSection
	GlobalSection(ExtensibilityGlobals) = postSolution
		SolutionGuid = {A744151E-319F-487C-B52B-7A6321BCE3BF}
	EndGlobalSection
EndGlobal
